
Microsoft Visual Studio Solution File, Format Version 12.00
# Visual Studio Version 17
VisualStudioVersion = 17.3.32811.315
MinimumVisualStudioVersion = 10.0.40219.1
Project("{FAE04EC0-301F-11D3-BF4B-00C04F79EFBC}") = "PictureBox using comboBox", "PictureBox using comboBox.csproj", "{2C41C978-B2E2-42FD-9396-BEFCF91BCE6D}"
EndProject
Global
	GlobalSection(SolutionConfigurationPlatforms) = preSolution
		Debug|Any CPU = Debug|Any CPU
		Release|Any CPU = Release|Any CPU
	EndGlobalSection
	GlobalSection(ProjectConfigurationPlatforms) = postSolution
		{2C41C978-B2E2-42FD-9396-BEFCF91BCE6D}.Debug|Any CPU.ActiveCfg = Debug|Any CPU
		{2C41C978-B2E2-42FD-9396-BEFCF91BCE6D}.Debug|Any CPU.Build.0 = Debug|Any CPU
		{2C41C978-B2E2-42FD-9396-BEFCF91BCE6D}.Release|Any CPU.ActiveCfg = Release|Any CPU
		{2C41C978-B2E2-42FD-9396-BEFCF91BCE6D}.Release|Any CPU.Build.0 = Release|Any CPU
	EndGlobalSection
	GlobalSection(SolutionProperties) = preSolution
		HideSolutionNode = FALSE
	EndGlobalSection
	GlobalSection(ExtensibilityGlobals) = postSolution
		SolutionGuid = {11CC75C1-7B8D-4B63-8EED-FC2D21364D66}
	EndGlobalSection
EndGlobal
